
Microsoft Visual Studio Solution File, Format Version 12.00
# Visual Studio Version 17
VisualStudioVersion = 17.1.32319.34
MinimumVisualStudioVersion = 10.0.40219.1
Project("{FAE04EC0-301F-11D3-BF4B-00C04F79EFBC}") = "Clients", "Clients\Clients.csproj", "{AEA1129F-5B78-428E-8929-DE686C7732F6}"
EndProject
Global
	GlobalSection(SolutionConfigurationPlatforms) = preSolution
		Debug|Any CPU = Debug|Any CPU
		Release|Any CPU = Release|Any CPU
	EndGlobalSection
	GlobalSection(ProjectConfigurationPlatforms) = postSolution
		{AEA1129F-5B78-428E-8929-DE686C7732F6}.Debug|Any CPU.ActiveCfg = Debug|Any CPU
		{AEA1129F-5B78-428E-8929-DE686C7732F6}.Debug|Any CPU.Build.0 = Debug|Any CPU
		{AEA1129F-5B78-428E-8929-DE686C7732F6}.Release|Any CPU.ActiveCfg = Release|Any CPU
		{AEA1129F-5B78-428E-8929-DE686C7732F6}.Release|Any CPU.Build.0 = Release|Any CPU
	EndGlobalSection
	GlobalSection(SolutionProperties) = preSolution
		HideSolutionNode = FALSE
	EndGlobalSection
	GlobalSection(ExtensibilityGlobals) = postSolution
		SolutionGuid = {319529B6-EA2B-40C4-92FA-17E1339E3EBF}
	EndGlobalSection
EndGlobal
